
Microsoft Visual Studio Solution File, Format Version 12.00
# Visual Studio Version 17
VisualStudioVersion = 17.0.31903.59
MinimumVisualStudioVersion = 10.0.40219.1
Project("{FAE04EC0-301F-11D3-BF4B-00C04F79EFBC}") = "DayZ Loadout Generator", "DayZ Loadout Generator\DayZ Loadout Generator.csproj", "{3EF68639-3200-4E5A-A1E6-AB305F0DBEE8}"
EndProject
Project("{FAE04EC0-301F-11D3-BF4B-00C04F79EFBC}") = "DayZ Server Controlcenter", "DayZ Server Controlcenter\DayZ Server Controlcenter.csproj", "{3EF68639-3200-4E5A-A1E6-AB305F0DBEE9}"
EndProject
Project("{FAE04EC0-301F-11D3-BF4B-00C04F79EFBC}") = "DayZ Server Setup", "DayZ Server Setup\DayZ Server Setup.csproj", "{3EF68639-3200-4E5A-A1E6-AB305F0DBEEA}"
EndProject
Project("{FAE04EC0-301F-11D3-BF4B-00C04F79EFBC}") = "update", "update\update.csproj", "{3EF68639-3200-4E5A-A1E6-AB305F0DBEEF}"
EndProject
Project("{FAE04EC0-301F-11D3-BF4B-00C04F79EFBC}") = "BattleNET", "BattleNET\BattleNET.csproj", "{3EF68639-3200-4E5A-A1E6-AB305F0DBEE3}"
EndProject
Project("{FAE04EC0-301F-11D3-BF4B-00C04F79EFBC}") = "CefSharp.WinForms", "CefSharp.WinForms\CefSharp.WinForms.csproj", "{3EF68639-3200-4E5A-A1E6-AB305F0DBEE5}"
EndProject
Project("{FAE04EC0-301F-11D3-BF4B-00C04F79EFBC}") = "CefSharp.Wpf", "CefSharp.Wpf\CefSharp.Wpf.csproj", "{3EF68639-3200-4E5A-A1E6-AB305F0DBEE6}"
EndProject
Project("{FAE04EC0-301F-11D3-BF4B-00C04F79EFBC}") = "CefSharp", "CefSharp\CefSharp.csproj", "{3EF68639-3200-4E5A-A1E6-AB305F0DBEE4}"
EndProject
Project("{FAE04EC0-301F-11D3-BF4B-00C04F79EFBC}") = "Crosire", "Crosire\Crosire.csproj", "{3EF68639-3200-4E5A-A1E6-AB305F0DBEE7}"
EndProject
Project("{FAE04EC0-301F-11D3-BF4B-00C04F79EFBC}") = "DayZ Server Controlcenter.resources", "DayZ Server Controlcenter.resources\DayZ Server Controlcenter.resources.csproj", "{3EF68639-3200-4E5A-A1E6-AB305F0DBEEB}"
EndProject
Project("{FAE04EC0-301F-11D3-BF4B-00C04F79EFBC}") = "ICSharpCode.SharpZipLib", "ICSharpCode.SharpZipLib\ICSharpCode.SharpZipLib.csproj", "{3EF68639-3200-4E5A-A1E6-AB305F0DBEEC}"
EndProject
Project("{FAE04EC0-301F-11D3-BF4B-00C04F79EFBC}") = "Microsoft.VisualBasic", "Microsoft.VisualBasic\Microsoft.VisualBasic.csproj", "{3EF68639-3200-4E5A-A1E6-AB305F0DBEF1}"
EndProject
Project("{FAE04EC0-301F-11D3-BF4B-00C04F79EFBC}") = "mscorlib", "mscorlib\mscorlib.csproj", "{3EF68639-3200-4E5A-A1E6-AB305F0DBEF0}"
EndProject
Project("{FAE04EC0-301F-11D3-BF4B-00C04F79EFBC}") = "MySql.Data", "MySql.Data\MySql.Data.csproj", "{3EF68639-3200-4E5A-A1E6-AB305F0DBEED}"
EndProject
Project("{FAE04EC0-301F-11D3-BF4B-00C04F79EFBC}") = "NLog", "NLog\NLog.csproj", "{3EF68639-3200-4E5A-A1E6-AB305F0DBEEE}"
EndProject
Project("{FAE04EC0-301F-11D3-BF4B-00C04F79EFBC}") = "System.Drawing", "System.Drawing\System.Drawing.csproj", "{3EF68639-3200-4E5A-A1E6-AB305F0DBEF2}"
EndProject
Project("{FAE04EC0-301F-11D3-BF4B-00C04F79EFBC}") = "System.Windows.Forms", "System.Windows.Forms\System.Windows.Forms.csproj", "{3EF68639-3200-4E5A-A1E6-AB305F0DBEF3}"
EndProject
Project("{FAE04EC0-301F-11D3-BF4B-00C04F79EFBC}") = "System", "System\System.csproj", "{3EF68639-3200-4E5A-A1E6-AB305F0DBEF4}"
EndProject
Global
	GlobalSection(SolutionConfigurationPlatforms) = preSolution
		Debug|Any CPU = Debug|Any CPU
		Debug|Mixed Platforms = Debug|Mixed Platforms
		Debug|x86 = Debug|x86
		Debug|x64 = Debug|x64
		Release|Any CPU = Release|Any CPU
		Release|Mixed Platforms = Release|Mixed Platforms
		Release|x86 = Release|x86
		Release|x64 = Release|x64
	EndGlobalSection
	GlobalSection(ProjectConfigurationPlatforms) = postSolution
		{3EF68639-3200-4E5A-A1E6-AB305F0DBEE8}.Debug|Any CPU.ActiveCfg = Debug|x86
		{3EF68639-3200-4E5A-A1E6-AB305F0DBEE8}.Debug|Any CPU.Build.0 = Debug|x86
		{3EF68639-3200-4E5A-A1E6-AB305F0DBEE8}.Debug|Mixed Platforms.ActiveCfg = Debug|x86
		{3EF68639-3200-4E5A-A1E6-AB305F0DBEE8}.Debug|Mixed Platforms.Build.0 = Debug|x86
		{3EF68639-3200-4E5A-A1E6-AB305F0DBEE8}.Debug|x86.ActiveCfg = Debug|x86
		{3EF68639-3200-4E5A-A1E6-AB305F0DBEE8}.Debug|x86.Build.0 = Debug|x86
		{3EF68639-3200-4E5A-A1E6-AB305F0DBEE8}.Debug|x64.ActiveCfg = Debug|x86
		{3EF68639-3200-4E5A-A1E6-AB305F0DBEE8}.Debug|x64.Build.0 = Debug|x86
		{3EF68639-3200-4E5A-A1E6-AB305F0DBEE8}.Release|Any CPU.ActiveCfg = Release|x86
		{3EF68639-3200-4E5A-A1E6-AB305F0DBEE8}.Release|Any CPU.Build.0 = Release|x86
		{3EF68639-3200-4E5A-A1E6-AB305F0DBEE8}.Release|Mixed Platforms.ActiveCfg = Release|x86
		{3EF68639-3200-4E5A-A1E6-AB305F0DBEE8}.Release|Mixed Platforms.Build.0 = Release|x86
		{3EF68639-3200-4E5A-A1E6-AB305F0DBEE8}.Release|x86.ActiveCfg = Release|x86
		{3EF68639-3200-4E5A-A1E6-AB305F0DBEE8}.Release|x86.Build.0 = Release|x86
		{3EF68639-3200-4E5A-A1E6-AB305F0DBEE8}.Release|x64.ActiveCfg = Release|x86
		{3EF68639-3200-4E5A-A1E6-AB305F0DBEE8}.Release|x64.Build.0 = Release|x86
		{3EF68639-3200-4E5A-A1E6-AB305F0DBEE9}.Debug|Any CPU.ActiveCfg = Debug|x86
		{3EF68639-3200-4E5A-A1E6-AB305F0DBEE9}.Debug|Any CPU.Build.0 = Debug|x86
		{3EF68639-3200-4E5A-A1E6-AB305F0DBEE9}.Debug|Mixed Platforms.ActiveCfg = Debug|x86
		{3EF68639-3200-4E5A-A1E6-AB305F0DBEE9}.Debug|Mixed Platforms.Build.0 = Debug|x86
		{3EF68639-3200-4E5A-A1E6-AB305F0DBEE9}.Debug|x86.ActiveCfg = Debug|x86
		{3EF68639-3200-4E5A-A1E6-AB305F0DBEE9}.Debug|x86.Build.0 = Debug|x86
		{3EF68639-3200-4E5A-A1E6-AB305F0DBEE9}.Debug|x64.ActiveCfg = Debug|x86
		{3EF68639-3200-4E5A-A1E6-AB305F0DBEE9}.Debug|x64.Build.0 = Debug|x86
		{3EF68639-3200-4E5A-A1E6-AB305F0DBEE9}.Release|Any CPU.ActiveCfg = Release|x86
		{3EF68639-3200-4E5A-A1E6-AB305F0DBEE9}.Release|Any CPU.Build.0 = Release|x86
		{3EF68639-3200-4E5A-A1E6-AB305F0DBEE9}.Release|Mixed Platforms.ActiveCfg = Release|x86
		{3EF68639-3200-4E5A-A1E6-AB305F0DBEE9}.Release|Mixed Platforms.Build.0 = Release|x86
		{3EF68639-3200-4E5A-A1E6-AB305F0DBEE9}.Release|x86.ActiveCfg = Release|x86
		{3EF68639-3200-4E5A-A1E6-AB305F0DBEE9}.Release|x86.Build.0 = Release|x86
		{3EF68639-3200-4E5A-A1E6-AB305F0DBEE9}.Release|x64.ActiveCfg = Release|x86
		{3EF68639-3200-4E5A-A1E6-AB305F0DBEE9}.Release|x64.Build.0 = Release|x86
		{3EF68639-3200-4E5A-A1E6-AB305F0DBEEA}.Debug|Any CPU.ActiveCfg = Debug|x86
		{3EF68639-3200-4E5A-A1E6-AB305F0DBEEA}.Debug|Any CPU.Build.0 = Debug|x86
		{3EF68639-3200-4E5A-A1E6-AB305F0DBEEA}.Debug|Mixed Platforms.ActiveCfg = Debug|x86
		{3EF68639-3200-4E5A-A1E6-AB305F0DBEEA}.Debug|Mixed Platforms.Build.0 = Debug|x86
		{3EF68639-3200-4E5A-A1E6-AB305F0DBEEA}.Debug|x86.ActiveCfg = Debug|x86
		{3EF68639-3200-4E5A-A1E6-AB305F0DBEEA}.Debug|x86.Build.0 = Debug|x86
		{3EF68639-3200-4E5A-A1E6-AB305F0DBEEA}.Debug|x64.ActiveCfg = Debug|x86
		{3EF68639-3200-4E5A-A1E6-AB305F0DBEEA}.Debug|x64.Build.0 = Debug|x86
		{3EF68639-3200-4E5A-A1E6-AB305F0DBEEA}.Release|Any CPU.ActiveCfg = Release|x86
		{3EF68639-3200-4E5A-A1E6-AB305F0DBEEA}.Release|Any CPU.Build.0 = Release|x86
		{3EF68639-3200-4E5A-A1E6-AB305F0DBEEA}.Release|Mixed Platforms.ActiveCfg = Release|x86
		{3EF68639-3200-4E5A-A1E6-AB305F0DBEEA}.Release|Mixed Platforms.Build.0 = Release|x86
		{3EF68639-3200-4E5A-A1E6-AB305F0DBEEA}.Release|x86.ActiveCfg = Release|x86
		{3EF68639-3200-4E5A-A1E6-AB305F0DBEEA}.Release|x86.Build.0 = Release|x86
		{3EF68639-3200-4E5A-A1E6-AB305F0DBEEA}.Release|x64.ActiveCfg = Release|x86
		{3EF68639-3200-4E5A-A1E6-AB305F0DBEEA}.Release|x64.Build.0 = Release|x86
		{3EF68639-3200-4E5A-A1E6-AB305F0DBEEF}.Debug|Any CPU.ActiveCfg = Debug|x86
		{3EF68639-3200-4E5A-A1E6-AB305F0DBEEF}.Debug|Any CPU.Build.0 = Debug|x86
		{3EF68639-3200-4E5A-A1E6-AB305F0DBEEF}.Debug|Mixed Platforms.ActiveCfg = Debug|x86
		{3EF68639-3200-4E5A-A1E6-AB305F0DBEEF}.Debug|Mixed Platforms.Build.0 = Debug|x86
		{3EF68639-3200-4E5A-A1E6-AB305F0DBEEF}.Debug|x86.ActiveCfg = Debug|x86
		{3EF68639-3200-4E5A-A1E6-AB305F0DBEEF}.Debug|x86.Build.0 = Debug|x86
		{3EF68639-3200-4E5A-A1E6-AB305F0DBEEF}.Debug|x64.ActiveCfg = Debug|x86
		{3EF68639-3200-4E5A-A1E6-AB305F0DBEEF}.Debug|x64.Build.0 = Debug|x86
		{3EF68639-3200-4E5A-A1E6-AB305F0DBEEF}.Release|Any CPU.ActiveCfg = Release|x86
		{3EF68639-3200-4E5A-A1E6-AB305F0DBEEF}.Release|Any CPU.Build.0 = Release|x86
		{3EF68639-3200-4E5A-A1E6-AB305F0DBEEF}.Release|Mixed Platforms.ActiveCfg = Release|x86
		{3EF68639-3200-4E5A-A1E6-AB305F0DBEEF}.Release|Mixed Platforms.Build.0 = Release|x86
		{3EF68639-3200-4E5A-A1E6-AB305F0DBEEF}.Release|x86.ActiveCfg = Release|x86
		{3EF68639-3200-4E5A-A1E6-AB305F0DBEEF}.Release|x86.Build.0 = Release|x86
		{3EF68639-3200-4E5A-A1E6-AB305F0DBEEF}.Release|x64.ActiveCfg = Release|x86
		{3EF68639-3200-4E5A-A1E6-AB305F0DBEEF}.Release|x64.Build.0 = Release|x86
		{3EF68639-3200-4E5A-A1E6-AB305F0DBEE3}.Debug|Any CPU.ActiveCfg = Debug|Any CPU
		{3EF68639-3200-4E5A-A1E6-AB305F0DBEE3}.Debug|Any CPU.Build.0 = Debug|Any CPU
		{3EF68639-3200-4E5A-A1E6-AB305F0DBEE3}.Debug|Mixed Platforms.ActiveCfg = Debug|Any CPU
		{3EF68639-3200-4E5A-A1E6-AB305F0DBEE3}.Debug|Mixed Platforms.Build.0 = Debug|Any CPU
		{3EF68639-3200-4E5A-A1E6-AB305F0DBEE3}.Debug|x86.ActiveCfg = Debug|Any CPU
		{3EF68639-3200-4E5A-A1E6-AB305F0DBEE3}.Debug|x86.Build.0 = Debug|Any CPU
		{3EF68639-3200-4E5A-A1E6-AB305F0DBEE3}.Debug|x64.ActiveCfg = Debug|Any CPU
		{3EF68639-3200-4E5A-A1E6-AB305F0DBEE3}.Debug|x64.Build.0 = Debug|Any CPU
		{3EF68639-3200-4E5A-A1E6-AB305F0DBEE3}.Release|Any CPU.ActiveCfg = Release|Any CPU
		{3EF68639-3200-4E5A-A1E6-AB305F0DBEE3}.Release|Any CPU.Build.0 = Release|Any CPU
		{3EF68639-3200-4E5A-A1E6-AB305F0DBEE3}.Release|Mixed Platforms.ActiveCfg = Release|Any CPU
		{3EF68639-3200-4E5A-A1E6-AB305F0DBEE3}.Release|Mixed Platforms.Build.0 = Release|Any CPU
		{3EF68639-3200-4E5A-A1E6-AB305F0DBEE3}.Release|x86.ActiveCfg = Release|Any CPU
		{3EF68639-3200-4E5A-A1E6-AB305F0DBEE3}.Release|x86.Build.0 = Release|Any CPU
		{3EF68639-3200-4E5A-A1E6-AB305F0DBEE3}.Release|x64.ActiveCfg = Release|Any CPU
		{3EF68639-3200-4E5A-A1E6-AB305F0DBEE3}.Release|x64.Build.0 = Release|Any CPU
		{3EF68639-3200-4E5A-A1E6-AB305F0DBEE5}.Debug|Any CPU.ActiveCfg = Debug|x86
		{3EF68639-3200-4E5A-A1E6-AB305F0DBEE5}.Debug|Any CPU.Build.0 = Debug|x86
		{3EF68639-3200-4E5A-A1E6-AB305F0DBEE5}.Debug|Mixed Platforms.ActiveCfg = Debug|x86
		{3EF68639-3200-4E5A-A1E6-AB305F0DBEE5}.Debug|Mixed Platforms.Build.0 = Debug|x86
		{3EF68639-3200-4E5A-A1E6-AB305F0DBEE5}.Debug|x86.ActiveCfg = Debug|x86
		{3EF68639-3200-4E5A-A1E6-AB305F0DBEE5}.Debug|x86.Build.0 = Debug|x86
		{3EF68639-3200-4E5A-A1E6-AB305F0DBEE5}.Debug|x64.ActiveCfg = Debug|x86
		{3EF68639-3200-4E5A-A1E6-AB305F0DBEE5}.Debug|x64.Build.0 = Debug|x86
		{3EF68639-3200-4E5A-A1E6-AB305F0DBEE5}.Release|Any CPU.ActiveCfg = Release|x86
		{3EF68639-3200-4E5A-A1E6-AB305F0DBEE5}.Release|Any CPU.Build.0 = Release|x86
		{3EF68639-3200-4E5A-A1E6-AB305F0DBEE5}.Release|Mixed Platforms.ActiveCfg = Release|x86
		{3EF68639-3200-4E5A-A1E6-AB305F0DBEE5}.Release|Mixed Platforms.Build.0 = Release|x86
		{3EF68639-3200-4E5A-A1E6-AB305F0DBEE5}.Release|x86.ActiveCfg = Release|x86
		{3EF68639-3200-4E5A-A1E6-AB305F0DBEE5}.Release|x86.Build.0 = Release|x86
		{3EF68639-3200-4E5A-A1E6-AB305F0DBEE5}.Release|x64.ActiveCfg = Release|x86
		{3EF68639-3200-4E5A-A1E6-AB305F0DBEE5}.Release|x64.Build.0 = Release|x86
		{3EF68639-3200-4E5A-A1E6-AB305F0DBEE6}.Debug|Any CPU.ActiveCfg = Debug|x86
		{3EF68639-3200-4E5A-A1E6-AB305F0DBEE6}.Debug|Any CPU.Build.0 = Debug|x86
		{3EF68639-3200-4E5A-A1E6-AB305F0DBEE6}.Debug|Mixed Platforms.ActiveCfg = Debug|x86
		{3EF68639-3200-4E5A-A1E6-AB305F0DBEE6}.Debug|Mixed Platforms.Build.0 = Debug|x86
		{3EF68639-3200-4E5A-A1E6-AB305F0DBEE6}.Debug|x86.ActiveCfg = Debug|x86
		{3EF68639-3200-4E5A-A1E6-AB305F0DBEE6}.Debug|x86.Build.0 = Debug|x86
		{3EF68639-3200-4E5A-A1E6-AB305F0DBEE6}.Debug|x64.ActiveCfg = Debug|x86
		{3EF68639-3200-4E5A-A1E6-AB305F0DBEE6}.Debug|x64.Build.0 = Debug|x86
		{3EF68639-3200-4E5A-A1E6-AB305F0DBEE6}.Release|Any CPU.ActiveCfg = Release|x86
		{3EF68639-3200-4E5A-A1E6-AB305F0DBEE6}.Release|Any CPU.Build.0 = Release|x86
		{3EF68639-3200-4E5A-A1E6-AB305F0DBEE6}.Release|Mixed Platforms.ActiveCfg = Release|x86
		{3EF68639-3200-4E5A-A1E6-AB305F0DBEE6}.Release|Mixed Platforms.Build.0 = Release|x86
		{3EF68639-3200-4E5A-A1E6-AB305F0DBEE6}.Release|x86.ActiveCfg = Release|x86
		{3EF68639-3200-4E5A-A1E6-AB305F0DBEE6}.Release|x86.Build.0 = Release|x86
		{3EF68639-3200-4E5A-A1E6-AB305F0DBEE6}.Release|x64.ActiveCfg = Release|x86
		{3EF68639-3200-4E5A-A1E6-AB305F0DBEE6}.Release|x64.Build.0 = Release|x86
		{3EF68639-3200-4E5A-A1E6-AB305F0DBEE4}.Debug|Any CPU.ActiveCfg = Debug|x86
		{3EF68639-3200-4E5A-A1E6-AB305F0DBEE4}.Debug|Any CPU.Build.0 = Debug|x86
		{3EF68639-3200-4E5A-A1E6-AB305F0DBEE4}.Debug|Mixed Platforms.ActiveCfg = Debug|x86
		{3EF68639-3200-4E5A-A1E6-AB305F0DBEE4}.Debug|Mixed Platforms.Build.0 = Debug|x86
		{3EF68639-3200-4E5A-A1E6-AB305F0DBEE4}.Debug|x86.ActiveCfg = Debug|x86
		{3EF68639-3200-4E5A-A1E6-AB305F0DBEE4}.Debug|x86.Build.0 = Debug|x86
		{3EF68639-3200-4E5A-A1E6-AB305F0DBEE4}.Debug|x64.ActiveCfg = Debug|x86
		{3EF68639-3200-4E5A-A1E6-AB305F0DBEE4}.Debug|x64.Build.0 = Debug|x86
		{3EF68639-3200-4E5A-A1E6-AB305F0DBEE4}.Release|Any CPU.ActiveCfg = Release|x86
		{3EF68639-3200-4E5A-A1E6-AB305F0DBEE4}.Release|Any CPU.Build.0 = Release|x86
		{3EF68639-3200-4E5A-A1E6-AB305F0DBEE4}.Release|Mixed Platforms.ActiveCfg = Release|x86
		{3EF68639-3200-4E5A-A1E6-AB305F0DBEE4}.Release|Mixed Platforms.Build.0 = Release|x86
		{3EF68639-3200-4E5A-A1E6-AB305F0DBEE4}.Release|x86.ActiveCfg = Release|x86
		{3EF68639-3200-4E5A-A1E6-AB305F0DBEE4}.Release|x86.Build.0 = Release|x86
		{3EF68639-3200-4E5A-A1E6-AB305F0DBEE4}.Release|x64.ActiveCfg = Release|x86
		{3EF68639-3200-4E5A-A1E6-AB305F0DBEE4}.Release|x64.Build.0 = Release|x86
		{3EF68639-3200-4E5A-A1E6-AB305F0DBEE7}.Debug|Any CPU.ActiveCfg = Debug|Any CPU
		{3EF68639-3200-4E5A-A1E6-AB305F0DBEE7}.Debug|Any CPU.Build.0 = Debug|Any CPU
		{3EF68639-3200-4E5A-A1E6-AB305F0DBEE7}.Debug|Mixed Platforms.ActiveCfg = Debug|Any CPU
		{3EF68639-3200-4E5A-A1E6-AB305F0DBEE7}.Debug|Mixed Platforms.Build.0 = Debug|Any CPU
		{3EF68639-3200-4E5A-A1E6-AB305F0DBEE7}.Debug|x86.ActiveCfg = Debug|Any CPU
		{3EF68639-3200-4E5A-A1E6-AB305F0DBEE7}.Debug|x86.Build.0 = Debug|Any CPU
		{3EF68639-3200-4E5A-A1E6-AB305F0DBEE7}.Debug|x64.ActiveCfg = Debug|Any CPU
		{3EF68639-3200-4E5A-A1E6-AB305F0DBEE7}.Debug|x64.Build.0 = Debug|Any CPU
		{3EF68639-3200-4E5A-A1E6-AB305F0DBEE7}.Release|Any CPU.ActiveCfg = Release|Any CPU
		{3EF68639-3200-4E5A-A1E6-AB305F0DBEE7}.Release|Any CPU.Build.0 = Release|Any CPU
		{3EF68639-3200-4E5A-A1E6-AB305F0DBEE7}.Release|Mixed Platforms.ActiveCfg = Release|Any CPU
		{3EF68639-3200-4E5A-A1E6-AB305F0DBEE7}.Release|Mixed Platforms.Build.0 = Release|Any CPU
		{3EF68639-3200-4E5A-A1E6-AB305F0DBEE7}.Release|x86.ActiveCfg = Release|Any CPU
		{3EF68639-3200-4E5A-A1E6-AB305F0DBEE7}.Release|x86.Build.0 = Release|Any CPU
		{3EF68639-3200-4E5A-A1E6-AB305F0DBEE7}.Release|x64.ActiveCfg = Release|Any CPU
		{3EF68639-3200-4E5A-A1E6-AB305F0DBEE7}.Release|x64.Build.0 = Release|Any CPU
		{3EF68639-3200-4E5A-A1E6-AB305F0DBEEB}.Debug|Any CPU.ActiveCfg = Debug|x86
		{3EF68639-3200-4E5A-A1E6-AB305F0DBEEB}.Debug|Any CPU.Build.0 = Debug|x86
		{3EF68639-3200-4E5A-A1E6-AB305F0DBEEB}.Debug|Mixed Platforms.ActiveCfg = Debug|x86
		{3EF68639-3200-4E5A-A1E6-AB305F0DBEEB}.Debug|Mixed Platforms.Build.0 = Debug|x86
		{3EF68639-3200-4E5A-A1E6-AB305F0DBEEB}.Debug|x86.ActiveCfg = Debug|x86
		{3EF68639-3200-4E5A-A1E6-AB305F0DBEEB}.Debug|x86.Build.0 = Debug|x86
		{3EF68639-3200-4E5A-A1E6-AB305F0DBEEB}.Debug|x64.ActiveCfg = Debug|x86
		{3EF68639-3200-4E5A-A1E6-AB305F0DBEEB}.Debug|x64.Build.0 = Debug|x86
		{3EF68639-3200-4E5A-A1E6-AB305F0DBEEB}.Release|Any CPU.ActiveCfg = Release|x86
		{3EF68639-3200-4E5A-A1E6-AB305F0DBEEB}.Release|Any CPU.Build.0 = Release|x86
		{3EF68639-3200-4E5A-A1E6-AB305F0DBEEB}.Release|Mixed Platforms.ActiveCfg = Release|x86
		{3EF68639-3200-4E5A-A1E6-AB305F0DBEEB}.Release|Mixed Platforms.Build.0 = Release|x86
		{3EF68639-3200-4E5A-A1E6-AB305F0DBEEB}.Release|x86.ActiveCfg = Release|x86
		{3EF68639-3200-4E5A-A1E6-AB305F0DBEEB}.Release|x86.Build.0 = Release|x86
		{3EF68639-3200-4E5A-A1E6-AB305F0DBEEB}.Release|x64.ActiveCfg = Release|x86
		{3EF68639-3200-4E5A-A1E6-AB305F0DBEEB}.Release|x64.Build.0 = Release|x86
		{3EF68639-3200-4E5A-A1E6-AB305F0DBEEC}.Debug|Any CPU.ActiveCfg = Debug|Any CPU
		{3EF68639-3200-4E5A-A1E6-AB305F0DBEEC}.Debug|Any CPU.Build.0 = Debug|Any CPU
		{3EF68639-3200-4E5A-A1E6-AB305F0DBEEC}.Debug|Mixed Platforms.ActiveCfg = Debug|Any CPU
		{3EF68639-3200-4E5A-A1E6-AB305F0DBEEC}.Debug|Mixed Platforms.Build.0 = Debug|Any CPU
		{3EF68639-3200-4E5A-A1E6-AB305F0DBEEC}.Debug|x86.ActiveCfg = Debug|Any CPU
		{3EF68639-3200-4E5A-A1E6-AB305F0DBEEC}.Debug|x86.Build.0 = Debug|Any CPU
		{3EF68639-3200-4E5A-A1E6-AB305F0DBEEC}.Debug|x64.ActiveCfg = Debug|Any CPU
		{3EF68639-3200-4E5A-A1E6-AB305F0DBEEC}.Debug|x64.Build.0 = Debug|Any CPU
		{3EF68639-3200-4E5A-A1E6-AB305F0DBEEC}.Release|Any CPU.ActiveCfg = Release|Any CPU
		{3EF68639-3200-4E5A-A1E6-AB305F0DBEEC}.Release|Any CPU.Build.0 = Release|Any CPU
		{3EF68639-3200-4E5A-A1E6-AB305F0DBEEC}.Release|Mixed Platforms.ActiveCfg = Release|Any CPU
		{3EF68639-3200-4E5A-A1E6-AB305F0DBEEC}.Release|Mixed Platforms.Build.0 = Release|Any CPU
		{3EF68639-3200-4E5A-A1E6-AB305F0DBEEC}.Release|x86.ActiveCfg = Release|Any CPU
		{3EF68639-3200-4E5A-A1E6-AB305F0DBEEC}.Release|x86.Build.0 = Release|Any CPU
		{3EF68639-3200-4E5A-A1E6-AB305F0DBEEC}.Release|x64.ActiveCfg = Release|Any CPU
		{3EF68639-3200-4E5A-A1E6-AB305F0DBEEC}.Release|x64.Build.0 = Release|Any CPU
		{3EF68639-3200-4E5A-A1E6-AB305F0DBEF1}.Debug|Any CPU.ActiveCfg = Debug|Any CPU
		{3EF68639-3200-4E5A-A1E6-AB305F0DBEF1}.Debug|Any CPU.Build.0 = Debug|Any CPU
		{3EF68639-3200-4E5A-A1E6-AB305F0DBEF1}.Debug|Mixed Platforms.ActiveCfg = Debug|Any CPU
		{3EF68639-3200-4E5A-A1E6-AB305F0DBEF1}.Debug|Mixed Platforms.Build.0 = Debug|Any CPU
		{3EF68639-3200-4E5A-A1E6-AB305F0DBEF1}.Debug|x86.ActiveCfg = Debug|Any CPU
		{3EF68639-3200-4E5A-A1E6-AB305F0DBEF1}.Debug|x86.Build.0 = Debug|Any CPU
		{3EF68639-3200-4E5A-A1E6-AB305F0DBEF1}.Debug|x64.ActiveCfg = Debug|Any CPU
		{3EF68639-3200-4E5A-A1E6-AB305F0DBEF1}.Debug|x64.Build.0 = Debug|Any CPU
		{3EF68639-3200-4E5A-A1E6-AB305F0DBEF1}.Release|Any CPU.ActiveCfg = Release|Any CPU
		{3EF68639-3200-4E5A-A1E6-AB305F0DBEF1}.Release|Any CPU.Build.0 = Release|Any CPU
		{3EF68639-3200-4E5A-A1E6-AB305F0DBEF1}.Release|Mixed Platforms.ActiveCfg = Release|Any CPU
		{3EF68639-3200-4E5A-A1E6-AB305F0DBEF1}.Release|Mixed Platforms.Build.0 = Release|Any CPU
		{3EF68639-3200-4E5A-A1E6-AB305F0DBEF1}.Release|x86.ActiveCfg = Release|Any CPU
		{3EF68639-3200-4E5A-A1E6-AB305F0DBEF1}.Release|x86.Build.0 = Release|Any CPU
		{3EF68639-3200-4E5A-A1E6-AB305F0DBEF1}.Release|x64.ActiveCfg = Release|Any CPU
		{3EF68639-3200-4E5A-A1E6-AB305F0DBEF1}.Release|x64.Build.0 = Release|Any CPU
		{3EF68639-3200-4E5A-A1E6-AB305F0DBEF0}.Debug|Any CPU.ActiveCfg = Debug|x64
		{3EF68639-3200-4E5A-A1E6-AB305F0DBEF0}.Debug|Any CPU.Build.0 = Debug|x64
		{3EF68639-3200-4E5A-A1E6-AB305F0DBEF0}.Debug|Mixed Platforms.ActiveCfg = Debug|x64
		{3EF68639-3200-4E5A-A1E6-AB305F0DBEF0}.Debug|Mixed Platforms.Build.0 = Debug|x64
		{3EF68639-3200-4E5A-A1E6-AB305F0DBEF0}.Debug|x86.ActiveCfg = Debug|x64
		{3EF68639-3200-4E5A-A1E6-AB305F0DBEF0}.Debug|x86.Build.0 = Debug|x64
		{3EF68639-3200-4E5A-A1E6-AB305F0DBEF0}.Debug|x64.ActiveCfg = Debug|x64
		{3EF68639-3200-4E5A-A1E6-AB305F0DBEF0}.Debug|x64.Build.0 = Debug|x64
		{3EF68639-3200-4E5A-A1E6-AB305F0DBEF0}.Release|Any CPU.ActiveCfg = Release|x64
		{3EF68639-3200-4E5A-A1E6-AB305F0DBEF0}.Release|Any CPU.Build.0 = Release|x64
		{3EF68639-3200-4E5A-A1E6-AB305F0DBEF0}.Release|Mixed Platforms.ActiveCfg = Release|x64
		{3EF68639-3200-4E5A-A1E6-AB305F0DBEF0}.Release|Mixed Platforms.Build.0 = Release|x64
		{3EF68639-3200-4E5A-A1E6-AB305F0DBEF0}.Release|x86.ActiveCfg = Release|x64
		{3EF68639-3200-4E5A-A1E6-AB305F0DBEF0}.Release|x86.Build.0 = Release|x64
		{3EF68639-3200-4E5A-A1E6-AB305F0DBEF0}.Release|x64.ActiveCfg = Release|x64
		{3EF68639-3200-4E5A-A1E6-AB305F0DBEF0}.Release|x64.Build.0 = Release|x64
		{3EF68639-3200-4E5A-A1E6-AB305F0DBEED}.Debug|Any CPU.ActiveCfg = Debug|Any CPU
		{3EF68639-3200-4E5A-A1E6-AB305F0DBEED}.Debug|Any CPU.Build.0 = Debug|Any CPU
		{3EF68639-3200-4E5A-A1E6-AB305F0DBEED}.Debug|Mixed Platforms.ActiveCfg = Debug|Any CPU
		{3EF68639-3200-4E5A-A1E6-AB305F0DBEED}.Debug|Mixed Platforms.Build.0 = Debug|Any CPU
		{3EF68639-3200-4E5A-A1E6-AB305F0DBEED}.Debug|x86.ActiveCfg = Debug|Any CPU
		{3EF68639-3200-4E5A-A1E6-AB305F0DBEED}.Debug|x86.Build.0 = Debug|Any CPU
		{3EF68639-3200-4E5A-A1E6-AB305F0DBEED}.Debug|x64.ActiveCfg = Debug|Any CPU
		{3EF68639-3200-4E5A-A1E6-AB305F0DBEED}.Debug|x64.Build.0 = Debug|Any CPU
		{3EF68639-3200-4E5A-A1E6-AB305F0DBEED}.Release|Any CPU.ActiveCfg = Release|Any CPU
		{3EF68639-3200-4E5A-A1E6-AB305F0DBEED}.Release|Any CPU.Build.0 = Release|Any CPU
		{3EF68639-3200-4E5A-A1E6-AB305F0DBEED}.Release|Mixed Platforms.ActiveCfg = Release|Any CPU
		{3EF68639-3200-4E5A-A1E6-AB305F0DBEED}.Release|Mixed Platforms.Build.0 = Release|Any CPU
		{3EF68639-3200-4E5A-A1E6-AB305F0DBEED}.Release|x86.ActiveCfg = Release|Any CPU
		{3EF68639-3200-4E5A-A1E6-AB305F0DBEED}.Release|x86.Build.0 = Release|Any CPU
		{3EF68639-3200-4E5A-A1E6-AB305F0DBEED}.Release|x64.ActiveCfg = Release|Any CPU
		{3EF68639-3200-4E5A-A1E6-AB305F0DBEED}.Release|x64.Build.0 = Release|Any CPU
		{3EF68639-3200-4E5A-A1E6-AB305F0DBEEE}.Debug|Any CPU.ActiveCfg = Debug|Any CPU
		{3EF68639-3200-4E5A-A1E6-AB305F0DBEEE}.Debug|Any CPU.Build.0 = Debug|Any CPU
		{3EF68639-3200-4E5A-A1E6-AB305F0DBEEE}.Debug|Mixed Platforms.ActiveCfg = Debug|Any CPU
		{3EF68639-3200-4E5A-A1E6-AB305F0DBEEE}.Debug|Mixed Platforms.Build.0 = Debug|Any CPU
		{3EF68639-3200-4E5A-A1E6-AB305F0DBEEE}.Debug|x86.ActiveCfg = Debug|Any CPU
		{3EF68639-3200-4E5A-A1E6-AB305F0DBEEE}.Debug|x86.Build.0 = Debug|Any CPU
		{3EF68639-3200-4E5A-A1E6-AB305F0DBEEE}.Debug|x64.ActiveCfg = Debug|Any CPU
		{3EF68639-3200-4E5A-A1E6-AB305F0DBEEE}.Debug|x64.Build.0 = Debug|Any CPU
		{3EF68639-3200-4E5A-A1E6-AB305F0DBEEE}.Release|Any CPU.ActiveCfg = Release|Any CPU
		{3EF68639-3200-4E5A-A1E6-AB305F0DBEEE}.Release|Any CPU.Build.0 = Release|Any CPU
		{3EF68639-3200-4E5A-A1E6-AB305F0DBEEE}.Release|Mixed Platforms.ActiveCfg = Release|Any CPU
		{3EF68639-3200-4E5A-A1E6-AB305F0DBEEE}.Release|Mixed Platforms.Build.0 = Release|Any CPU
		{3EF68639-3200-4E5A-A1E6-AB305F0DBEEE}.Release|x86.ActiveCfg = Release|Any CPU
		{3EF68639-3200-4E5A-A1E6-AB305F0DBEEE}.Release|x86.Build.0 = Release|Any CPU
		{3EF68639-3200-4E5A-A1E6-AB305F0DBEEE}.Release|x64.ActiveCfg = Release|Any CPU
		{3EF68639-3200-4E5A-A1E6-AB305F0DBEEE}.Release|x64.Build.0 = Release|Any CPU
		{3EF68639-3200-4E5A-A1E6-AB305F0DBEF2}.Debug|Any CPU.ActiveCfg = Debug|Any CPU
		{3EF68639-3200-4E5A-A1E6-AB305F0DBEF2}.Debug|Any CPU.Build.0 = Debug|Any CPU
		{3EF68639-3200-4E5A-A1E6-AB305F0DBEF2}.Debug|Mixed Platforms.ActiveCfg = Debug|Any CPU
		{3EF68639-3200-4E5A-A1E6-AB305F0DBEF2}.Debug|Mixed Platforms.Build.0 = Debug|Any CPU
		{3EF68639-3200-4E5A-A1E6-AB305F0DBEF2}.Debug|x86.ActiveCfg = Debug|Any CPU
		{3EF68639-3200-4E5A-A1E6-AB305F0DBEF2}.Debug|x86.Build.0 = Debug|Any CPU
		{3EF68639-3200-4E5A-A1E6-AB305F0DBEF2}.Debug|x64.ActiveCfg = Debug|Any CPU
		{3EF68639-3200-4E5A-A1E6-AB305F0DBEF2}.Debug|x64.Build.0 = Debug|Any CPU
		{3EF68639-3200-4E5A-A1E6-AB305F0DBEF2}.Release|Any CPU.ActiveCfg = Release|Any CPU
		{3EF68639-3200-4E5A-A1E6-AB305F0DBEF2}.Release|Any CPU.Build.0 = Release|Any CPU
		{3EF68639-3200-4E5A-A1E6-AB305F0DBEF2}.Release|Mixed Platforms.ActiveCfg = Release|Any CPU
		{3EF68639-3200-4E5A-A1E6-AB305F0DBEF2}.Release|Mixed Platforms.Build.0 = Release|Any CPU
		{3EF68639-3200-4E5A-A1E6-AB305F0DBEF2}.Release|x86.ActiveCfg = Release|Any CPU
		{3EF68639-3200-4E5A-A1E6-AB305F0DBEF2}.Release|x86.Build.0 = Release|Any CPU
		{3EF68639-3200-4E5A-A1E6-AB305F0DBEF2}.Release|x64.ActiveCfg = Release|Any CPU
		{3EF68639-3200-4E5A-A1E6-AB305F0DBEF2}.Release|x64.Build.0 = Release|Any CPU
		{3EF68639-3200-4E5A-A1E6-AB305F0DBEF3}.Debug|Any CPU.ActiveCfg = Debug|Any CPU
		{3EF68639-3200-4E5A-A1E6-AB305F0DBEF3}.Debug|Any CPU.Build.0 = Debug|Any CPU
		{3EF68639-3200-4E5A-A1E6-AB305F0DBEF3}.Debug|Mixed Platforms.ActiveCfg = Debug|Any CPU
		{3EF68639-3200-4E5A-A1E6-AB305F0DBEF3}.Debug|Mixed Platforms.Build.0 = Debug|Any CPU
		{3EF68639-3200-4E5A-A1E6-AB305F0DBEF3}.Debug|x86.ActiveCfg = Debug|Any CPU
		{3EF68639-3200-4E5A-A1E6-AB305F0DBEF3}.Debug|x86.Build.0 = Debug|Any CPU
		{3EF68639-3200-4E5A-A1E6-AB305F0DBEF3}.Debug|x64.ActiveCfg = Debug|Any CPU
		{3EF68639-3200-4E5A-A1E6-AB305F0DBEF3}.Debug|x64.Build.0 = Debug|Any CPU
		{3EF68639-3200-4E5A-A1E6-AB305F0DBEF3}.Release|Any CPU.ActiveCfg = Release|Any CPU
		{3EF68639-3200-4E5A-A1E6-AB305F0DBEF3}.Release|Any CPU.Build.0 = Release|Any CPU
		{3EF68639-3200-4E5A-A1E6-AB305F0DBEF3}.Release|Mixed Platforms.ActiveCfg = Release|Any CPU
		{3EF68639-3200-4E5A-A1E6-AB305F0DBEF3}.Release|Mixed Platforms.Build.0 = Release|Any CPU
		{3EF68639-3200-4E5A-A1E6-AB305F0DBEF3}.Release|x86.ActiveCfg = Release|Any CPU
		{3EF68639-3200-4E5A-A1E6-AB305F0DBEF3}.Release|x86.Build.0 = Release|Any CPU
		{3EF68639-3200-4E5A-A1E6-AB305F0DBEF3}.Release|x64.ActiveCfg = Release|Any CPU
		{3EF68639-3200-4E5A-A1E6-AB305F0DBEF3}.Release|x64.Build.0 = Release|Any CPU
		{3EF68639-3200-4E5A-A1E6-AB305F0DBEF4}.Debug|Any CPU.ActiveCfg = Debug|Any CPU
		{3EF68639-3200-4E5A-A1E6-AB305F0DBEF4}.Debug|Any CPU.Build.0 = Debug|Any CPU
		{3EF68639-3200-4E5A-A1E6-AB305F0DBEF4}.Debug|Mixed Platforms.ActiveCfg = Debug|Any CPU
		{3EF68639-3200-4E5A-A1E6-AB305F0DBEF4}.Debug|Mixed Platforms.Build.0 = Debug|Any CPU
		{3EF68639-3200-4E5A-A1E6-AB305F0DBEF4}.Debug|x86.ActiveCfg = Debug|Any CPU
		{3EF68639-3200-4E5A-A1E6-AB305F0DBEF4}.Debug|x86.Build.0 = Debug|Any CPU
		{3EF68639-3200-4E5A-A1E6-AB305F0DBEF4}.Debug|x64.ActiveCfg = Debug|Any CPU
		{3EF68639-3200-4E5A-A1E6-AB305F0DBEF4}.Debug|x64.Build.0 = Debug|Any CPU
		{3EF68639-3200-4E5A-A1E6-AB305F0DBEF4}.Release|Any CPU.ActiveCfg = Release|Any CPU
		{3EF68639-3200-4E5A-A1E6-AB305F0DBEF4}.Release|Any CPU.Build.0 = Release|Any CPU
		{3EF68639-3200-4E5A-A1E6-AB305F0DBEF4}.Release|Mixed Platforms.ActiveCfg = Release|Any CPU
		{3EF68639-3200-4E5A-A1E6-AB305F0DBEF4}.Release|Mixed Platforms.Build.0 = Release|Any CPU
		{3EF68639-3200-4E5A-A1E6-AB305F0DBEF4}.Release|x86.ActiveCfg = Release|Any CPU
		{3EF68639-3200-4E5A-A1E6-AB305F0DBEF4}.Release|x86.Build.0 = Release|Any CPU
		{3EF68639-3200-4E5A-A1E6-AB305F0DBEF4}.Release|x64.ActiveCfg = Release|Any CPU
		{3EF68639-3200-4E5A-A1E6-AB305F0DBEF4}.Release|x64.Build.0 = Release|Any CPU
	EndGlobalSection
	GlobalSection(SolutionProperties) = preSolution
		HideSolutionNode = FALSE
	EndGlobalSection
EndGlobal
