Microsoft Visual Studio Solution File, Format Version 12.00
# Visual Studio 14
VisualStudioVersion = 14.0.24720.0
MinimumVisualStudioVersion = 10.0.40219.1
Project("{FAE04EC0-301F-11D3-BF4B-00C04F79EFBC}") = "DayZ Loadout Generator", "DayZ Loadout Generator\DayZ Loadout Generator.csproj", "{2CA3A4BF-B628-473F-B97C-F860DDBB1E8F}"
EndProject
Project("{FAE04EC0-301F-11D3-BF4B-00C04F79EFBC}") = "DayZ Server Controlcenter", "DayZ Server Controlcenter\DayZ Server Controlcenter.csproj", "{65175861-7F26-4E68-B8CA-DC6B8CAB8256}"
EndProject
Project("{FAE04EC0-301F-11D3-BF4B-00C04F79EFBC}") = "BattleNET", "BattleNET\BattleNET.csproj", "{497391AE-36C2-406C-889B-98AEA745C55A}"
EndProject
Project("{FAE04EC0-301F-11D3-BF4B-00C04F79EFBC}") = "Crosire", "Crosire\Crosire.csproj", "{2978D6BB-8C12-4745-8FDF-CF1FC3995947}"
EndProject
Project("{FAE04EC0-301F-11D3-BF4B-00C04F79EFBC}") = "DayZ Server Controlcenter.vshost", "DayZ Server Controlcenter.vshost\DayZ Server Controlcenter.vshost.csproj", "{DFA1E9E7-4D8E-4DC4-BF8F-A1421C80A54E}"
EndProject
Project("{FAE04EC0-301F-11D3-BF4B-00C04F79EFBC}") = "update", "update\update.csproj", "{AC1D6C6B-D451-4962-AE48-2D77A56DEB1F}"
EndProject
Project("{FAE04EC0-301F-11D3-BF4B-00C04F79EFBC}") = "DayZ Server Setup.resources", "DayZ Server Setup.resources\DayZ Server Setup.resources.csproj", "{F0C94BD8-336D-4697-8836-E305E2CD19D4}"
EndProject
Project("{FAE04EC0-301F-11D3-BF4B-00C04F79EFBC}") = "DayZ Server Setup", "DayZ Server Setup\DayZ Server Setup.csproj", "{39850B19-9CB6-4FA2-B9D8-3CF0FB5D6C68}"
EndProject
Project("{FAE04EC0-301F-11D3-BF4B-00C04F79EFBC}") = "DayZ Server Controlcenter.resources", "DayZ Server Controlcenter.resources\DayZ Server Controlcenter.resources.csproj", "{3786AA4E-E20A-4544-A912-0285227157F8}"
EndProject
Global
	GlobalSection(SolutionConfigurationPlatforms) = preSolution
		Debug|AnyCPU = Debug|AnyCPU
		Debug|x86 = Debug|x86
		Release|AnyCPU = Release|AnyCPU
		Release|x86 = Release|x86
	EndGlobalSection
	GlobalSection(ProjectConfigurationPlatforms) = postSolution
		{2CA3A4BF-B628-473F-B97C-F860DDBB1E8F}.Debug|AnyCPU.ActiveCfg = Debug|x86
		{2CA3A4BF-B628-473F-B97C-F860DDBB1E8F}.Debug|AnyCPU.Build.0 = Debug|x86
		{2CA3A4BF-B628-473F-B97C-F860DDBB1E8F}.Debug|x86.ActiveCfg = Debug|x86
		{2CA3A4BF-B628-473F-B97C-F860DDBB1E8F}.Debug|x86.Build.0 = Debug|x86
		{2CA3A4BF-B628-473F-B97C-F860DDBB1E8F}.Release|AnyCPU.ActiveCfg = Release|x86
		{2CA3A4BF-B628-473F-B97C-F860DDBB1E8F}.Release|AnyCPU.Build.0 = Release|x86
		{2CA3A4BF-B628-473F-B97C-F860DDBB1E8F}.Release|x86.ActiveCfg = Release|x86
		{2CA3A4BF-B628-473F-B97C-F860DDBB1E8F}.Release|x86.Build.0 = Release|x86
		{65175861-7F26-4E68-B8CA-DC6B8CAB8256}.Debug|AnyCPU.ActiveCfg = Debug|x86
		{65175861-7F26-4E68-B8CA-DC6B8CAB8256}.Debug|AnyCPU.Build.0 = Debug|x86
		{65175861-7F26-4E68-B8CA-DC6B8CAB8256}.Debug|x86.ActiveCfg = Debug|x86
		{65175861-7F26-4E68-B8CA-DC6B8CAB8256}.Debug|x86.Build.0 = Debug|x86
		{65175861-7F26-4E68-B8CA-DC6B8CAB8256}.Release|AnyCPU.ActiveCfg = Release|x86
		{65175861-7F26-4E68-B8CA-DC6B8CAB8256}.Release|AnyCPU.Build.0 = Release|x86
		{65175861-7F26-4E68-B8CA-DC6B8CAB8256}.Release|x86.ActiveCfg = Release|x86
		{65175861-7F26-4E68-B8CA-DC6B8CAB8256}.Release|x86.Build.0 = Release|x86
		{497391AE-36C2-406C-889B-98AEA745C55A}.Debug|AnyCPU.ActiveCfg = Debug|AnyCPU
		{497391AE-36C2-406C-889B-98AEA745C55A}.Debug|AnyCPU.Build.0 = Debug|AnyCPU
		{497391AE-36C2-406C-889B-98AEA745C55A}.Debug|x86.ActiveCfg = Debug|AnyCPU
		{497391AE-36C2-406C-889B-98AEA745C55A}.Debug|x86.Build.0 = Debug|AnyCPU
		{497391AE-36C2-406C-889B-98AEA745C55A}.Release|AnyCPU.ActiveCfg = Release|AnyCPU
		{497391AE-36C2-406C-889B-98AEA745C55A}.Release|AnyCPU.Build.0 = Release|AnyCPU
		{497391AE-36C2-406C-889B-98AEA745C55A}.Release|x86.ActiveCfg = Release|AnyCPU
		{497391AE-36C2-406C-889B-98AEA745C55A}.Release|x86.Build.0 = Release|AnyCPU
		{2978D6BB-8C12-4745-8FDF-CF1FC3995947}.Debug|AnyCPU.ActiveCfg = Debug|AnyCPU
		{2978D6BB-8C12-4745-8FDF-CF1FC3995947}.Debug|AnyCPU.Build.0 = Debug|AnyCPU
		{2978D6BB-8C12-4745-8FDF-CF1FC3995947}.Debug|x86.ActiveCfg = Debug|AnyCPU
		{2978D6BB-8C12-4745-8FDF-CF1FC3995947}.Debug|x86.Build.0 = Debug|AnyCPU
		{2978D6BB-8C12-4745-8FDF-CF1FC3995947}.Release|AnyCPU.ActiveCfg = Release|AnyCPU
		{2978D6BB-8C12-4745-8FDF-CF1FC3995947}.Release|AnyCPU.Build.0 = Release|AnyCPU
		{2978D6BB-8C12-4745-8FDF-CF1FC3995947}.Release|x86.ActiveCfg = Release|AnyCPU
		{2978D6BB-8C12-4745-8FDF-CF1FC3995947}.Release|x86.Build.0 = Release|AnyCPU
		{DFA1E9E7-4D8E-4DC4-BF8F-A1421C80A54E}.Debug|AnyCPU.ActiveCfg = Debug|AnyCPU
		{DFA1E9E7-4D8E-4DC4-BF8F-A1421C80A54E}.Debug|AnyCPU.Build.0 = Debug|AnyCPU
		{DFA1E9E7-4D8E-4DC4-BF8F-A1421C80A54E}.Debug|x86.ActiveCfg = Debug|AnyCPU
		{DFA1E9E7-4D8E-4DC4-BF8F-A1421C80A54E}.Debug|x86.Build.0 = Debug|AnyCPU
		{DFA1E9E7-4D8E-4DC4-BF8F-A1421C80A54E}.Release|AnyCPU.ActiveCfg = Release|AnyCPU
		{DFA1E9E7-4D8E-4DC4-BF8F-A1421C80A54E}.Release|AnyCPU.Build.0 = Release|AnyCPU
		{DFA1E9E7-4D8E-4DC4-BF8F-A1421C80A54E}.Release|x86.ActiveCfg = Release|AnyCPU
		{DFA1E9E7-4D8E-4DC4-BF8F-A1421C80A54E}.Release|x86.Build.0 = Release|AnyCPU
		{AC1D6C6B-D451-4962-AE48-2D77A56DEB1F}.Debug|AnyCPU.ActiveCfg = Debug|x86
		{AC1D6C6B-D451-4962-AE48-2D77A56DEB1F}.Debug|AnyCPU.Build.0 = Debug|x86
		{AC1D6C6B-D451-4962-AE48-2D77A56DEB1F}.Debug|x86.ActiveCfg = Debug|x86
		{AC1D6C6B-D451-4962-AE48-2D77A56DEB1F}.Debug|x86.Build.0 = Debug|x86
		{AC1D6C6B-D451-4962-AE48-2D77A56DEB1F}.Release|AnyCPU.ActiveCfg = Release|x86
		{AC1D6C6B-D451-4962-AE48-2D77A56DEB1F}.Release|AnyCPU.Build.0 = Release|x86
		{AC1D6C6B-D451-4962-AE48-2D77A56DEB1F}.Release|x86.ActiveCfg = Release|x86
		{AC1D6C6B-D451-4962-AE48-2D77A56DEB1F}.Release|x86.Build.0 = Release|x86
		{F0C94BD8-336D-4697-8836-E305E2CD19D4}.Debug|AnyCPU.ActiveCfg = Debug|x86
		{F0C94BD8-336D-4697-8836-E305E2CD19D4}.Debug|AnyCPU.Build.0 = Debug|x86
		{F0C94BD8-336D-4697-8836-E305E2CD19D4}.Debug|x86.ActiveCfg = Debug|x86
		{F0C94BD8-336D-4697-8836-E305E2CD19D4}.Debug|x86.Build.0 = Debug|x86
		{F0C94BD8-336D-4697-8836-E305E2CD19D4}.Release|AnyCPU.ActiveCfg = Release|x86
		{F0C94BD8-336D-4697-8836-E305E2CD19D4}.Release|AnyCPU.Build.0 = Release|x86
		{F0C94BD8-336D-4697-8836-E305E2CD19D4}.Release|x86.ActiveCfg = Release|x86
		{F0C94BD8-336D-4697-8836-E305E2CD19D4}.Release|x86.Build.0 = Release|x86
		{39850B19-9CB6-4FA2-B9D8-3CF0FB5D6C68}.Debug|AnyCPU.ActiveCfg = Debug|x86
		{39850B19-9CB6-4FA2-B9D8-3CF0FB5D6C68}.Debug|AnyCPU.Build.0 = Debug|x86
		{39850B19-9CB6-4FA2-B9D8-3CF0FB5D6C68}.Debug|x86.ActiveCfg = Debug|x86
		{39850B19-9CB6-4FA2-B9D8-3CF0FB5D6C68}.Debug|x86.Build.0 = Debug|x86
		{39850B19-9CB6-4FA2-B9D8-3CF0FB5D6C68}.Release|AnyCPU.ActiveCfg = Release|x86
		{39850B19-9CB6-4FA2-B9D8-3CF0FB5D6C68}.Release|AnyCPU.Build.0 = Release|x86
		{39850B19-9CB6-4FA2-B9D8-3CF0FB5D6C68}.Release|x86.ActiveCfg = Release|x86
		{39850B19-9CB6-4FA2-B9D8-3CF0FB5D6C68}.Release|x86.Build.0 = Release|x86
		{3786AA4E-E20A-4544-A912-0285227157F8}.Debug|AnyCPU.ActiveCfg = Debug|x86
		{3786AA4E-E20A-4544-A912-0285227157F8}.Debug|AnyCPU.Build.0 = Debug|x86
		{3786AA4E-E20A-4544-A912-0285227157F8}.Debug|x86.ActiveCfg = Debug|x86
		{3786AA4E-E20A-4544-A912-0285227157F8}.Debug|x86.Build.0 = Debug|x86
		{3786AA4E-E20A-4544-A912-0285227157F8}.Release|AnyCPU.ActiveCfg = Release|x86
		{3786AA4E-E20A-4544-A912-0285227157F8}.Release|AnyCPU.Build.0 = Release|x86
		{3786AA4E-E20A-4544-A912-0285227157F8}.Release|x86.ActiveCfg = Release|x86
		{3786AA4E-E20A-4544-A912-0285227157F8}.Release|x86.Build.0 = Release|x86
	EndGlobalSection
	GlobalSection(SolutionProperties) = preSolution
		HideSolutionNode = FALSE
	EndGlobalSection
EndGlobal
